
Microsoft Visual Studio Solution File, Format Version 12.00
# Visual Studio Version 17
VisualStudioVersion = 17.2.32616.157
MinimumVisualStudioVersion = 10.0.40219.1
Project("{FAE04EC0-301F-11D3-BF4B-00C04F79EFBC}") = "EmployeeProblem", "EmployeeProblem.csproj", "{8B1880F0-AD38-41E7-8B24-88283AA69AF9}"
EndProject
Global
	GlobalSection(SolutionConfigurationPlatforms) = preSolution
		Debug|Any CPU = Debug|Any CPU
		Release|Any CPU = Release|Any CPU
	EndGlobalSection
	GlobalSection(ProjectConfigurationPlatforms) = postSolution
		{8B1880F0-AD38-41E7-8B24-88283AA69AF9}.Debug|Any CPU.ActiveCfg = Debug|Any CPU
		{8B1880F0-AD38-41E7-8B24-88283AA69AF9}.Debug|Any CPU.Build.0 = Debug|Any CPU
		{8B1880F0-AD38-41E7-8B24-88283AA69AF9}.Release|Any CPU.ActiveCfg = Release|Any CPU
		{8B1880F0-AD38-41E7-8B24-88283AA69AF9}.Release|Any CPU.Build.0 = Release|Any CPU
	EndGlobalSection
	GlobalSection(SolutionProperties) = preSolution
		HideSolutionNode = FALSE
	EndGlobalSection
	GlobalSection(ExtensibilityGlobals) = postSolution
		SolutionGuid = {81596347-79E9-41DF-BF32-A9565F74807E}
	EndGlobalSection
EndGlobal
